
Microsoft Visual Studio Solution File, Format Version 12.00
# Visual Studio Version 17
VisualStudioVersion = 17.10.35004.147
MinimumVisualStudioVersion = 10.0.40219.1
Project("{9A19103F-16F7-4668-BE54-9A1E7A4F7556}") = "ThamCoCustomerApp", "ThamCoCustomerApp\ThamCoCustomerApp.csproj", "{8E40EBFC-B384-4A1F-A129-B9D776BCFB21}"
EndProject
Project("{FAE04EC0-301F-11D3-BF4B-00C04F79EFBC}") = "ThamCoCustomerApp.Tests", "ThamCoCustomerApp.Tests\ThamCoCustomerApp.Tests.csproj", "{D5C649CE-3C51-40D6-9865-324693D9B987}"
EndProject
Global
	GlobalSection(SolutionConfigurationPlatforms) = preSolution
		Debug|Any CPU = Debug|Any CPU
		Release|Any CPU = Release|Any CPU
	EndGlobalSection
	GlobalSection(ProjectConfigurationPlatforms) = postSolution
		{8E40EBFC-B384-4A1F-A129-B9D776BCFB21}.Debug|Any CPU.ActiveCfg = Debug|Any CPU
		{8E40EBFC-B384-4A1F-A129-B9D776BCFB21}.Debug|Any CPU.Build.0 = Debug|Any CPU
		{8E40EBFC-B384-4A1F-A129-B9D776BCFB21}.Release|Any CPU.ActiveCfg = Release|Any CPU
		{8E40EBFC-B384-4A1F-A129-B9D776BCFB21}.Release|Any CPU.Build.0 = Release|Any CPU
		{D5C649CE-3C51-40D6-9865-324693D9B987}.Debug|Any CPU.ActiveCfg = Debug|Any CPU
		{D5C649CE-3C51-40D6-9865-324693D9B987}.Debug|Any CPU.Build.0 = Debug|Any CPU
		{D5C649CE-3C51-40D6-9865-324693D9B987}.Release|Any CPU.ActiveCfg = Release|Any CPU
		{D5C649CE-3C51-40D6-9865-324693D9B987}.Release|Any CPU.Build.0 = Release|Any CPU
	EndGlobalSection
	GlobalSection(SolutionProperties) = preSolution
		HideSolutionNode = FALSE
	EndGlobalSection
	GlobalSection(ExtensibilityGlobals) = postSolution
		SolutionGuid = {CFBC30FF-EA2D-4220-A2D3-AC037855A023}
	EndGlobalSection
EndGlobal
